
Microsoft Visual Studio Solution File, Format Version 11.00
# Visual Studio 2010
Project("{FAE04EC0-301F-11D3-BF4B-00C04F79EFBC}") = "GridWalls2", "GridWalls2\GridWalls2.csproj", "{90B90C73-4698-43EB-ABA9-09926114EF23}"
EndProject
Project("{FAE04EC0-301F-11D3-BF4B-00C04F79EFBC}") = "GridWalls2Content", "GridWalls2\Content\GridWalls2Content.contentproj", "{07EE0CAA-13F8-471B-82CD-858E6A1ECC32}"
EndProject
Global
	GlobalSection(SolutionConfigurationPlatforms) = preSolution
		Debug|x86 = Debug|x86
		Release|x86 = Release|x86
	EndGlobalSection
	GlobalSection(ProjectConfigurationPlatforms) = postSolution
		{90B90C73-4698-43EB-ABA9-09926114EF23}.Debug|x86.ActiveCfg = Debug|x86
		{90B90C73-4698-43EB-ABA9-09926114EF23}.Debug|x86.Build.0 = Debug|x86
		{90B90C73-4698-43EB-ABA9-09926114EF23}.Release|x86.ActiveCfg = Release|x86
		{90B90C73-4698-43EB-ABA9-09926114EF23}.Release|x86.Build.0 = Release|x86
		{07EE0CAA-13F8-471B-82CD-858E6A1ECC32}.Debug|x86.ActiveCfg = Debug|x86
		{07EE0CAA-13F8-471B-82CD-858E6A1ECC32}.Release|x86.ActiveCfg = Release|x86
	EndGlobalSection
	GlobalSection(SolutionProperties) = preSolution
		HideSolutionNode = FALSE
	EndGlobalSection
EndGlobal
